
Microsoft Visual Studio Solution File, Format Version 12.00
# Visual Studio Version 16
VisualStudioVersion = 16.0.31613.86
MinimumVisualStudioVersion = 10.0.40219.1
Project("{FAE04EC0-301F-11D3-BF4B-00C04F79EFBC}") = "PriceDiscount", "PriceDiscount\PriceDiscount.csproj", "{B3F67585-837F-4516-8C24-3F8998A9C03C}"
EndProject
Global
	GlobalSection(SolutionConfigurationPlatforms) = preSolution
		Debug|Any CPU = Debug|Any CPU
		Release|Any CPU = Release|Any CPU
	EndGlobalSection
	GlobalSection(ProjectConfigurationPlatforms) = postSolution
		{B3F67585-837F-4516-8C24-3F8998A9C03C}.Debug|Any CPU.ActiveCfg = Debug|Any CPU
		{B3F67585-837F-4516-8C24-3F8998A9C03C}.Debug|Any CPU.Build.0 = Debug|Any CPU
		{B3F67585-837F-4516-8C24-3F8998A9C03C}.Release|Any CPU.ActiveCfg = Release|Any CPU
		{B3F67585-837F-4516-8C24-3F8998A9C03C}.Release|Any CPU.Build.0 = Release|Any CPU
	EndGlobalSection
	GlobalSection(SolutionProperties) = preSolution
		HideSolutionNode = FALSE
	EndGlobalSection
	GlobalSection(ExtensibilityGlobals) = postSolution
		SolutionGuid = {5D516F0E-07B9-4EF4-AB90-9FE3BED9706D}
	EndGlobalSection
EndGlobal
